# THIS IS AN AUTOGENERATED FILE. DO NOT EDIT THIS FILE DIRECTLY.
# yarn lockfile v1


"@floating-ui/core@^1.6.0":
  version "1.6.8"
  resolved "https://registry.yarnpkg.com/@floating-ui/core/-/core-1.6.8.tgz#aa43561be075815879305965020f492cdb43da12"
  integrity sha512-7XJ9cPU+yI2QeLS+FCSlqNFZJq8arvswefkZrYI1yQBbftw6FyrZOxYSh+9S7z7TpeWlRt9zJ5IhM1WIL334jA==
  dependencies:
    "@floating-ui/utils" "^0.2.8"

"@floating-ui/dom@^1.0.0":
  version "1.6.11"
  resolved "https://registry.yarnpkg.com/@floating-ui/dom/-/dom-1.6.11.tgz#8631857838d34ee5712339eb7cbdfb8ad34da723"
  integrity sha512-qkMCxSR24v2vGkhYDo/UzxfJN3D4syqSjyuTFz6C7XcpU1pASPRieNI0Kj5VP3/503mOfYiGY891ugBX1GlABQ==
  dependencies:
    "@floating-ui/core" "^1.6.0"
    "@floating-ui/utils" "^0.2.8"

"@floating-ui/react-dom@^2.1.2":
  version "2.1.2"
  resolved "https://registry.yarnpkg.com/@floating-ui/react-dom/-/react-dom-2.1.2.tgz#a1349bbf6a0e5cb5ded55d023766f20a4d439a31"
  integrity sha512-06okr5cgPzMNBy+Ycse2A6udMi4bqwW/zgBF/rwjcNqWkyr82Mcg8b0vjX8OJpZFy/FKjJmw6wV7t44kK6kW7A==
  dependencies:
    "@floating-ui/dom" "^1.0.0"

"@floating-ui/react@^0.26.16":
  version "0.26.25"
  resolved "https://registry.yarnpkg.com/@floating-ui/react/-/react-0.26.25.tgz#cf4c8a2b89fab1a71712d15e6551df3bfbd2ea1d"
  integrity sha512-hZOmgN0NTOzOuZxI1oIrDu3Gcl8WViIkvPMpB4xdd4QD6xAMtwgwr3VPoiyH/bLtRcS1cDnhxLSD1NsMJmwh/A==
  dependencies:
    "@floating-ui/react-dom" "^2.1.2"
    "@floating-ui/utils" "^0.2.8"
    tabbable "^6.0.0"

"@floating-ui/utils@^0.2.8":
  version "0.2.8"
  resolved "https://registry.yarnpkg.com/@floating-ui/utils/-/utils-0.2.8.tgz#21a907684723bbbaa5f0974cf7730bd797eb8e62"
  integrity sha512-kym7SodPp8/wloecOpcmSnWJsK7M0E5Wg8UcFA+uO4B9s5d0ywXOEro/8HM9x0rW+TljRzul/14UYz3TleT3ig==

"@headlessui/react@^2.1.10":
  version "2.1.10"
  resolved "https://registry.yarnpkg.com/@headlessui/react/-/react-2.1.10.tgz#99cd4ca6464129726af94059bce84f931698571e"
  integrity sha512-6mLa2fjMDAFQi+/R10B+zU3edsUk/MDtENB2zHho0lqKU1uzhAfJLUduWds4nCo8wbl3vULtC5rJfZAQ1yqIng==
  dependencies:
    "@floating-ui/react" "^0.26.16"
    "@react-aria/focus" "^3.17.1"
    "@react-aria/interactions" "^3.21.3"
    "@tanstack/react-virtual" "^3.8.1"

"@react-aria/focus@^3.17.1":
  version "3.18.4"
  resolved "https://registry.yarnpkg.com/@react-aria/focus/-/focus-3.18.4.tgz#a6e95896bc8680d1b5bcd855e983fc2c195a1a55"
  integrity sha512-91J35077w9UNaMK1cpMUEFRkNNz0uZjnSwiyBCFuRdaVuivO53wNC9XtWSDNDdcO5cGy87vfJRVAiyoCn/mjqA==
  dependencies:
    "@react-aria/interactions" "^3.22.4"
    "@react-aria/utils" "^3.25.3"
    "@react-types/shared" "^3.25.0"
    "@swc/helpers" "^0.5.0"
    clsx "^2.0.0"

"@react-aria/interactions@^3.21.3", "@react-aria/interactions@^3.22.4":
  version "3.22.4"
  resolved "https://registry.yarnpkg.com/@react-aria/interactions/-/interactions-3.22.4.tgz#88ed61ab6a485f869bc1f65ae6688d48ca96064b"
  integrity sha512-E0vsgtpItmknq/MJELqYJwib+YN18Qag8nroqwjk1qOnBa9ROIkUhWJerLi1qs5diXq9LHKehZDXRlwPvdEFww==
  dependencies:
    "@react-aria/ssr" "^3.9.6"
    "@react-aria/utils" "^3.25.3"
    "@react-types/shared" "^3.25.0"
    "@swc/helpers" "^0.5.0"

"@react-aria/ssr@^3.9.6":
  version "3.9.6"
  resolved "https://registry.yarnpkg.com/@react-aria/ssr/-/ssr-3.9.6.tgz#a9e8b351acdc8238f2b5215b0ce904636c6ea690"
  integrity sha512-iLo82l82ilMiVGy342SELjshuWottlb5+VefO3jOQqQRNYnJBFpUSadswDPbRimSgJUZuFwIEYs6AabkP038fA==
  dependencies:
    "@swc/helpers" "^0.5.0"

"@react-aria/utils@^3.25.3":
  version "3.25.3"
  resolved "https://registry.yarnpkg.com/@react-aria/utils/-/utils-3.25.3.tgz#cad9bffc07b045cdc283df2cb65c18747acbf76d"
  integrity sha512-PR5H/2vaD8fSq0H/UB9inNbc8KDcVmW6fYAfSWkkn+OAdhTTMVKqXXrZuZBWyFfSD5Ze7VN6acr4hrOQm2bmrA==
  dependencies:
    "@react-aria/ssr" "^3.9.6"
    "@react-stately/utils" "^3.10.4"
    "@react-types/shared" "^3.25.0"
    "@swc/helpers" "^0.5.0"
    clsx "^2.0.0"

"@react-stately/utils@^3.10.4":
  version "3.10.4"
  resolved "https://registry.yarnpkg.com/@react-stately/utils/-/utils-3.10.4.tgz#310663a834b67048d305e1680ed258130092fe51"
  integrity sha512-gBEQEIMRh5f60KCm7QKQ2WfvhB2gLUr9b72sqUdIZ2EG+xuPgaIlCBeSicvjmjBvYZwOjoOEnmIkcx2GHp/HWw==
  dependencies:
    "@swc/helpers" "^0.5.0"

"@react-types/shared@^3.25.0":
  version "3.25.0"
  resolved "https://registry.yarnpkg.com/@react-types/shared/-/shared-3.25.0.tgz#7223baf72256e918a3c29081bb1ecc6fad4fbf58"
  integrity sha512-OZSyhzU6vTdW3eV/mz5i6hQwQUhkRs7xwY2d1aqPvTdMe0+2cY7Fwp45PAiwYLEj73i9ro2FxF9qC4DvHGSCgQ==

"@swc/helpers@^0.5.0":
  version "0.5.13"
  resolved "https://registry.yarnpkg.com/@swc/helpers/-/helpers-0.5.13.tgz#33e63ff3cd0cade557672bd7888a39ce7d115a8c"
  integrity sha512-UoKGxQ3r5kYI9dALKJapMmuK+1zWM/H17Z1+iwnNmzcJRnfFuevZs375TA5rW31pu4BS4NoSy1fRsexDXfWn5w==
  dependencies:
    tslib "^2.4.0"

"@tanstack/react-virtual@^3.8.1":
  version "3.10.8"
  resolved "https://registry.yarnpkg.com/@tanstack/react-virtual/-/react-virtual-3.10.8.tgz#bf4b06f157ed298644a96ab7efc1a2b01ab36e3c"
  integrity sha512-VbzbVGSsZlQktyLrP5nxE+vE1ZR+U0NFAWPbJLoG2+DKPwd2D7dVICTVIIaYlJqX1ZCEnYDbaOpmMwbsyhBoIA==
  dependencies:
    "@tanstack/virtual-core" "3.10.8"

"@tanstack/virtual-core@3.10.8":
  version "3.10.8"
  resolved "https://registry.yarnpkg.com/@tanstack/virtual-core/-/virtual-core-3.10.8.tgz#975446a667755222f62884c19e5c3c66d959b8b4"
  integrity sha512-PBu00mtt95jbKFi6Llk9aik8bnR3tR/oQP1o3TSi+iG//+Q2RTIzCEgKkHG8BB86kxMNW6O8wku+Lmi+QFR6jA==

clsx@^2.0.0:
  version "2.1.1"
  resolved "https://registry.yarnpkg.com/clsx/-/clsx-2.1.1.tgz#eed397c9fd8bd882bfb18deab7102049a2f32999"
  integrity sha512-eYm0QWBtUrBWZWG0d386OGAw16Z995PiOVo2B7bjWSbHedGl5e0ZWaq65kOGgUSNesEIDkB9ISbTg/JK9dhCZA==

"js-tokens@^3.0.0 || ^4.0.0":
  version "4.0.0"
  resolved "https://registry.yarnpkg.com/js-tokens/-/js-tokens-4.0.0.tgz#19203fb59991df98e3a287050d4647cdeaf32499"
  integrity sha512-RdJUflcE3cUzKiMqQgsCu06FPu9UdIJO0beYbPhHN4k6apgJtifcoCtT9bcxOpYBtpD2kCM6Sbzg4CausW/PKQ==

loose-envify@^1.1.0:
  version "1.4.0"
  resolved "https://registry.yarnpkg.com/loose-envify/-/loose-envify-1.4.0.tgz#71ee51fa7be4caec1a63839f7e682d8132d30caf"
  integrity sha512-lyuxPGr/Wfhrlem2CL/UcnUc1zcqKAImBDzukY7Y5F/yQiNdko6+fRLevlw1HgMySw7f611UIY408EtxRSoK3Q==
  dependencies:
    js-tokens "^3.0.0 || ^4.0.0"

react-dom@^18.3.1:
  version "18.3.1"
  resolved "https://registry.yarnpkg.com/react-dom/-/react-dom-18.3.1.tgz#c2265d79511b57d479b3dd3fdfa51536494c5cb4"
  integrity sha512-5m4nQKp+rZRb09LNH59GM4BxTh9251/ylbKIbpe7TpGxfJ+9kv6BLkLBXIjjspbgbnIBNqlI23tRnTWT0snUIw==
  dependencies:
    loose-envify "^1.1.0"
    scheduler "^0.23.2"

react@^18.3.1:
  version "18.3.1"
  resolved "https://registry.yarnpkg.com/react/-/react-18.3.1.tgz#49ab892009c53933625bd16b2533fc754cab2891"
  integrity sha512-wS+hAgJShR0KhEvPJArfuPVN1+Hz1t0Y6n5jLrGQbkb4urgPE/0Rve+1kMB1v/oWgHgm4WIcV+i7F2pTVj+2iQ==
  dependencies:
    loose-envify "^1.1.0"

scheduler@^0.23.2:
  version "0.23.2"
  resolved "https://registry.yarnpkg.com/scheduler/-/scheduler-0.23.2.tgz#414ba64a3b282892e944cf2108ecc078d115cdc3"
  integrity sha512-UOShsPwz7NrMUqhR6t0hWjFduvOzbtv7toDH1/hIrfRNIDBnnBWd0CwJTGvTpngVlmwGCdP9/Zl/tVrDqcuYzQ==
  dependencies:
    loose-envify "^1.1.0"

tabbable@^6.0.0:
  version "6.2.0"
  resolved "https://registry.yarnpkg.com/tabbable/-/tabbable-6.2.0.tgz#732fb62bc0175cfcec257330be187dcfba1f3b97"
  integrity sha512-Cat63mxsVJlzYvN51JmVXIgNoUokrIaT2zLclCXjRd8boZ0004U4KCs/sToJ75C6sdlByWxpYnb5Boif1VSFew==

tslib@^2.4.0:
  version "2.8.0"
  resolved "https://registry.yarnpkg.com/tslib/-/tslib-2.8.0.tgz#d124c86c3c05a40a91e6fdea4021bd31d377971b"
  integrity sha512-jWVzBLplnCmoaTr13V9dYbiQ99wvZRd0vNWaDRg+aVYRcjDF3nDksxFDE/+fkXnKhpnUUkmx5pK/v8mCtLVqZA==

yarn@^1.22.22:
  version "1.22.22"
  resolved "https://registry.yarnpkg.com/yarn/-/yarn-1.22.22.tgz#ac34549e6aa8e7ead463a7407e1c7390f61a6610"
  integrity sha512-prL3kGtyG7o9Z9Sv8IPfBNrWTDmXB4Qbes8A9rEzt6wkJV8mUvoirjU0Mp3GGAU06Y0XQyA3/2/RQFVuK7MTfg==
